
Microsoft Visual Studio Solution File, Format Version 12.00
# Visual Studio Version 17
VisualStudioVersion = 17.11.35312.102
MinimumVisualStudioVersion = 10.0.40219.1
Project("{FAE04EC0-301F-11D3-BF4B-00C04F79EFBC}") = "Interface", "Interface\Interface.csproj", "{27EA5DB0-51E4-49A1-AC28-0DEDFC67B7B9}"
EndProject
Global
	GlobalSection(SolutionConfigurationPlatforms) = preSolution
		Debug|Any CPU = Debug|Any CPU
		Release|Any CPU = Release|Any CPU
	EndGlobalSection
	GlobalSection(ProjectConfigurationPlatforms) = postSolution
		{27EA5DB0-51E4-49A1-AC28-0DEDFC67B7B9}.Debug|Any CPU.ActiveCfg = Debug|Any CPU
		{27EA5DB0-51E4-49A1-AC28-0DEDFC67B7B9}.Debug|Any CPU.Build.0 = Debug|Any CPU
		{27EA5DB0-51E4-49A1-AC28-0DEDFC67B7B9}.Release|Any CPU.ActiveCfg = Release|Any CPU
		{27EA5DB0-51E4-49A1-AC28-0DEDFC67B7B9}.Release|Any CPU.Build.0 = Release|Any CPU
	EndGlobalSection
	GlobalSection(SolutionProperties) = preSolution
		HideSolutionNode = FALSE
	EndGlobalSection
	GlobalSection(ExtensibilityGlobals) = postSolution
		SolutionGuid = {C388D5BB-E8B6-4DE9-A83B-69B8BDDF42BE}
	EndGlobalSection
EndGlobal
